// !$*UTF8*$!
{
	archiveVersion = 1;
	classes = {
	};
	objectVersion = 52;
	objects = {

/* Begin PBXBuildFile section */
		59246875263A4EE100BDDF9C /* PopCorn_SwiftUIApp.swift in Sources */ = {isa = PBXBuildFile; fileRef = 59246874263A4EE100BDDF9C /* PopCorn_SwiftUIApp.swift */; };
		59246877263A4EE100BDDF9C /* VideoListView.swift in Sources */ = {isa = PBXBuildFile; fileRef = 59246876263A4EE100BDDF9C /* VideoListView.swift */; };
		59246879263A4EE700BDDF9C /* Assets.xcassets in Resources */ = {isa = PBXBuildFile; fileRef = 59246878263A4EE700BDDF9C /* Assets.xcassets */; };
		5924687C263A4EE700BDDF9C /* Preview Assets.xcassets in Resources */ = {isa = PBXBuildFile; fileRef = 5924687B263A4EE700BDDF9C /* Preview Assets.xcassets */; };
		5924688C263A50D800BDDF9C /* VideoListRow.swift in Sources */ = {isa = PBXBuildFile; fileRef = 5924688B263A50D800BDDF9C /* VideoListRow.swift */; };
		5924688E263A50F700BDDF9C /* VideoListViewModel.swift in Sources */ = {isa = PBXBuildFile; fileRef = 5924688D263A50F700BDDF9C /* VideoListViewModel.swift */; };
		59246890263A512500BDDF9C /* Movie.swift in Sources */ = {isa = PBXBuildFile; fileRef = 5924688F263A512500BDDF9C /* Movie.swift */; };
		5924689B263A51CE00BDDF9C /* Filmography.swift in Sources */ = {isa = PBXBuildFile; fileRef = 59246891263A51CE00BDDF9C /* Filmography.swift */; };
		5924689C263A51CE00BDDF9C /* MovieDetail.swift in Sources */ = {isa = PBXBuildFile; fileRef = 59246892263A51CE00BDDF9C /* MovieDetail.swift */; };
		5924689D263A51CE00BDDF9C /* ResponseList.swift in Sources */ = {isa = PBXBuildFile; fileRef = 59246893263A51CE00BDDF9C /* ResponseList.swift */; };
		5924689E263A51CE00BDDF9C /* TVShow.swift in Sources */ = {isa = PBXBuildFile; fileRef = 59246894263A51CE00BDDF9C /* TVShow.swift */; };
		5924689F263A51CE00BDDF9C /* TVShowDetail.swift in Sources */ = {isa = PBXBuildFile; fileRef = 59246895263A51CE00BDDF9C /* TVShowDetail.swift */; };
		592468A0263A51CE00BDDF9C /* People.swift in Sources */ = {isa = PBXBuildFile; fileRef = 59246896263A51CE00BDDF9C /* People.swift */; };
		592468A1263A51CE00BDDF9C /* Crew.swift in Sources */ = {isa = PBXBuildFile; fileRef = 59246897263A51CE00BDDF9C /* Crew.swift */; };
		592468A2263A51CE00BDDF9C /* SeasonDetail.swift in Sources */ = {isa = PBXBuildFile; fileRef = 59246898263A51CE00BDDF9C /* SeasonDetail.swift */; };
		592468A3263A51CE00BDDF9C /* Cast.swift in Sources */ = {isa = PBXBuildFile; fileRef = 59246899263A51CE00BDDF9C /* Cast.swift */; };
		592468A4263A51CE00BDDF9C /* Credit.swift in Sources */ = {isa = PBXBuildFile; fileRef = 5924689A263A51CE00BDDF9C /* Credit.swift */; };
		592468A6263A520D00BDDF9C /* Constants.swift in Sources */ = {isa = PBXBuildFile; fileRef = 592468A5263A520D00BDDF9C /* Constants.swift */; };
		592468A8263A5A1900BDDF9C /* VideoListRowViewModel.swift in Sources */ = {isa = PBXBuildFile; fileRef = 592468A7263A5A1900BDDF9C /* VideoListRowViewModel.swift */; };
		592468AD263A627300BDDF9C /* MovieDetailView.swift in Sources */ = {isa = PBXBuildFile; fileRef = 592468AC263A627300BDDF9C /* MovieDetailView.swift */; };
		592468AF263A628700BDDF9C /* MovieDetailViewModel.swift in Sources */ = {isa = PBXBuildFile; fileRef = 592468AE263A628700BDDF9C /* MovieDetailViewModel.swift */; };
		59332B86263B8AE6002AE328 /* Alamofire in Frameworks */ = {isa = PBXBuildFile; productRef = 59332B85263B8AE6002AE328 /* Alamofire */; };
		594BCEC8264AFB5100F2480D /* DoubleExtension.swift in Sources */ = {isa = PBXBuildFile; fileRef = 594BCEC7264AFB5100F2480D /* DoubleExtension.swift */; };
		5962EE8F26424C9000ED4863 /* MovieDetailExtension.swift in Sources */ = {isa = PBXBuildFile; fileRef = 5962EE8E26424C9000ED4863 /* MovieDetailExtension.swift */; };
		596CB3302644C9F000A98E4C /* CreditItemView.swift in Sources */ = {isa = PBXBuildFile; fileRef = 596CB32F2644C9F000A98E4C /* CreditItemView.swift */; };
		596CB3322644CAB500A98E4C /* CreditViewModel.swift in Sources */ = {isa = PBXBuildFile; fileRef = 596CB3312644CAB500A98E4C /* CreditViewModel.swift */; };
		598AC7B62649F80A00CD8A94 /* CastCrew.swift in Sources */ = {isa = PBXBuildFile; fileRef = 598AC7B52649F80A00CD8A94 /* CastCrew.swift */; };
/* End PBXBuildFile section */

/* Begin PBXFileReference section */
		59246871263A4EE100BDDF9C /* PopCorn-SwiftUI.app */ = {isa = PBXFileReference; explicitFileType = wrapper.application; includeInIndex = 0; path = "PopCorn-SwiftUI.app"; sourceTree = BUILT_PRODUCTS_DIR; };
		59246874263A4EE100BDDF9C /* PopCorn_SwiftUIApp.swift */ = {isa = PBXFileReference; lastKnownFileType = sourcecode.swift; path = PopCorn_SwiftUIApp.swift; sourceTree = "<group>"; };
		59246876263A4EE100BDDF9C /* VideoListView.swift */ = {isa = PBXFileReference; lastKnownFileType = sourcecode.swift; path = VideoListView.swift; sourceTree = "<group>"; };
		59246878263A4EE700BDDF9C /* Assets.xcassets */ = {isa = PBXFileReference; lastKnownFileType = folder.assetcatalog; path = Assets.xcassets; sourceTree = "<group>"; };
		5924687B263A4EE700BDDF9C /* Preview Assets.xcassets */ = {isa = PBXFileReference; lastKnownFileType = folder.assetcatalog; path = "Preview Assets.xcassets"; sourceTree = "<group>"; };
		5924687D263A4EE700BDDF9C /* Info.plist */ = {isa = PBXFileReference; lastKnownFileType = text.plist.xml; path = Info.plist; sourceTree = "<group>"; };
		5924688B263A50D800BDDF9C /* VideoListRow.swift */ = {isa = PBXFileReference; lastKnownFileType = sourcecode.swift; path = VideoListRow.swift; sourceTree = "<group>"; };
		5924688D263A50F700BDDF9C /* VideoListViewModel.swift */ = {isa = PBXFileReference; lastKnownFileType = sourcecode.swift; path = VideoListViewModel.swift; sourceTree = "<group>"; };
		5924688F263A512500BDDF9C /* Movie.swift */ = {isa = PBXFileReference; lastKnownFileType = sourcecode.swift; path = Movie.swift; sourceTree = "<group>"; };
		59246891263A51CE00BDDF9C /* Filmography.swift */ = {isa = PBXFileReference; fileEncoding = 4; lastKnownFileType = sourcecode.swift; path = Filmography.swift; sourceTree = "<group>"; };
		59246892263A51CE00BDDF9C /* MovieDetail.swift */ = {isa = PBXFileReference; fileEncoding = 4; lastKnownFileType = sourcecode.swift; path = MovieDetail.swift; sourceTree = "<group>"; };
		59246893263A51CE00BDDF9C /* ResponseList.swift */ = {isa = PBXFileReference; fileEncoding = 4; lastKnownFileType = sourcecode.swift; path = ResponseList.swift; sourceTree = "<group>"; };
		59246894263A51CE00BDDF9C /* TVShow.swift */ = {isa = PBXFileReference; fileEncoding = 4; lastKnownFileType = sourcecode.swift; path = TVShow.swift; sourceTree = "<group>"; };
		59246895263A51CE00BDDF9C /* TVShowDetail.swift */ = {isa = PBXFileReference; fileEncoding = 4; lastKnownFileType = sourcecode.swift; path = TVShowDetail.swift; sourceTree = "<group>"; };
		59246896263A51CE00BDDF9C /* People.swift */ = {isa = PBXFileReference; fileEncoding = 4; lastKnownFileType = sourcecode.swift; path = People.swift; sourceTree = "<group>"; };
		59246897263A51CE00BDDF9C /* Crew.swift */ = {isa = PBXFileReference; fileEncoding = 4; lastKnownFileType = sourcecode.swift; path = Crew.swift; sourceTree = "<group>"; };
		59246898263A51CE00BDDF9C /* SeasonDetail.swift */ = {isa = PBXFileReference; fileEncoding = 4; lastKnownFileType = sourcecode.swift; path = SeasonDetail.swift; sourceTree = "<group>"; };
		59246899263A51CE00BDDF9C /* Cast.swift */ = {isa = PBXFileReference; fileEncoding = 4; lastKnownFileType = sourcecode.swift; path = Cast.swift; sourceTree = "<group>"; };
		5924689A263A51CE00BDDF9C /* Credit.swift */ = {isa = PBXFileReference; fileEncoding = 4; lastKnownFileType = sourcecode.swift; path = Credit.swift; sourceTree = "<group>"; };
		592468A5263A520D00BDDF9C /* Constants.swift */ = {isa = PBXFileReference; lastKnownFileType = sourcecode.swift; path = Constants.swift; sourceTree = "<group>"; };
		592468A7263A5A1900BDDF9C /* VideoListRowViewModel.swift */ = {isa = PBXFileReference; lastKnownFileType = sourcecode.swift; path = VideoListRowViewModel.swift; sourceTree = "<group>"; };
		592468AC263A627300BDDF9C /* MovieDetailView.swift */ = {isa = PBXFileReference; lastKnownFileType = sourcecode.swift; path = MovieDetailView.swift; sourceTree = "<group>"; };
		592468AE263A628700BDDF9C /* MovieDetailViewModel.swift */ = {isa = PBXFileReference; lastKnownFileType = sourcecode.swift; path = MovieDetailViewModel.swift; sourceTree = "<group>"; };
		594BCEC7264AFB5100F2480D /* DoubleExtension.swift */ = {isa = PBXFileReference; lastKnownFileType = sourcecode.swift; path = DoubleExtension.swift; sourceTree = "<group>"; };
		5962EE8E26424C9000ED4863 /* MovieDetailExtension.swift */ = {isa = PBXFileReference; lastKnownFileType = sourcecode.swift; path = MovieDetailExtension.swift; sourceTree = "<group>"; };
		596CB32F2644C9F000A98E4C /* CreditItemView.swift */ = {isa = PBXFileReference; lastKnownFileType = sourcecode.swift; path = CreditItemView.swift; sourceTree = "<group>"; };
		596CB3312644CAB500A98E4C /* CreditViewModel.swift */ = {isa = PBXFileReference; lastKnownFileType = sourcecode.swift; path = CreditViewModel.swift; sourceTree = "<group>"; };
		598AC7B52649F80A00CD8A94 /* CastCrew.swift */ = {isa = PBXFileReference; lastKnownFileType = sourcecode.swift; path = CastCrew.swift; sourceTree = "<group>"; };
/* End PBXFileReference section */

/* Begin PBXFrameworksBuildPhase section */
		5924686E263A4EE100BDDF9C /* Frameworks */ = {
			isa = PBXFrameworksBuildPhase;
			buildActionMask = 2147483647;
			files = (
				59332B86263B8AE6002AE328 /* Alamofire in Frameworks */,
			);
			runOnlyForDeploymentPostprocessing = 0;
		};
/* End PBXFrameworksBuildPhase section */

/* Begin PBXGroup section */
		59246868263A4EE100BDDF9C = {
			isa = PBXGroup;
			children = (
				59246873263A4EE100BDDF9C /* PopCorn-SwiftUI */,
				59246872263A4EE100BDDF9C /* Products */,
			);
			sourceTree = "<group>";
		};
		59246872263A4EE100BDDF9C /* Products */ = {
			isa = PBXGroup;
			children = (
				59246871263A4EE100BDDF9C /* PopCorn-SwiftUI.app */,
			);
			name = Products;
			sourceTree = "<group>";
		};
		59246873263A4EE100BDDF9C /* PopCorn-SwiftUI */ = {
			isa = PBXGroup;
			children = (
				59246887263A4F7D00BDDF9C /* Common */,
				59246884263A4F2C00BDDF9C /* Model */,
				59246883263A4F2100BDDF9C /* Features */,
				59246874263A4EE100BDDF9C /* PopCorn_SwiftUIApp.swift */,
				59246878263A4EE700BDDF9C /* Assets.xcassets */,
				5924687D263A4EE700BDDF9C /* Info.plist */,
				5924687A263A4EE700BDDF9C /* Preview Content */,
			);
			path = "PopCorn-SwiftUI";
			sourceTree = "<group>";
		};
		5924687A263A4EE700BDDF9C /* Preview Content */ = {
			isa = PBXGroup;
			children = (
				5924687B263A4EE700BDDF9C /* Preview Assets.xcassets */,
			);
			path = "Preview Content";
			sourceTree = "<group>";
		};
		59246883263A4F2100BDDF9C /* Features */ = {
			isa = PBXGroup;
			children = (
				59246888263A50A000BDDF9C /* Video List */,
				592468A9263A624600BDDF9C /* Movie Detail */,
			);
			path = Features;
			sourceTree = "<group>";
		};
		59246884263A4F2C00BDDF9C /* Model */ = {
			isa = PBXGroup;
			children = (
				59246899263A51CE00BDDF9C /* Cast.swift */,
				5924689A263A51CE00BDDF9C /* Credit.swift */,
				59246897263A51CE00BDDF9C /* Crew.swift */,
				59246891263A51CE00BDDF9C /* Filmography.swift */,
				5924688F263A512500BDDF9C /* Movie.swift */,
				59246892263A51CE00BDDF9C /* MovieDetail.swift */,
				59246896263A51CE00BDDF9C /* People.swift */,
				59246893263A51CE00BDDF9C /* ResponseList.swift */,
				59246898263A51CE00BDDF9C /* SeasonDetail.swift */,
				59246894263A51CE00BDDF9C /* TVShow.swift */,
				59246895263A51CE00BDDF9C /* TVShowDetail.swift */,
				598AC7B52649F80A00CD8A94 /* CastCrew.swift */,
			);
			path = Model;
			sourceTree = "<group>";
		};
		59246887263A4F7D00BDDF9C /* Common */ = {
			isa = PBXGroup;
			children = (
				5962EE8D26424C7E00ED4863 /* Extension */,
				59332B8A263BA04C002AE328 /* Utils */,
				598AC7B72649FEB400CD8A94 /* Views */,
			);
			path = Common;
			sourceTree = "<group>";
		};
		59246888263A50A000BDDF9C /* Video List */ = {
			isa = PBXGroup;
			children = (
				59246889263A50AF00BDDF9C /* View */,
				5924688A263A50B600BDDF9C /* ViewModel */,
			);
			path = "Video List";
			sourceTree = "<group>";
		};
		59246889263A50AF00BDDF9C /* View */ = {
			isa = PBXGroup;
			children = (
				5924688B263A50D800BDDF9C /* VideoListRow.swift */,
				59246876263A4EE100BDDF9C /* VideoListView.swift */,
			);
			path = View;
			sourceTree = "<group>";
		};
		5924688A263A50B600BDDF9C /* ViewModel */ = {
			isa = PBXGroup;
			children = (
				592468A7263A5A1900BDDF9C /* VideoListRowViewModel.swift */,
				5924688D263A50F700BDDF9C /* VideoListViewModel.swift */,
			);
			path = ViewModel;
			sourceTree = "<group>";
		};
		592468A9263A624600BDDF9C /* Movie Detail */ = {
			isa = PBXGroup;
			children = (
				592468AA263A625E00BDDF9C /* View */,
				592468AB263A626400BDDF9C /* ViewModel */,
			);
			path = "Movie Detail";
			sourceTree = "<group>";
		};
		592468AA263A625E00BDDF9C /* View */ = {
			isa = PBXGroup;
			children = (
				592468AC263A627300BDDF9C /* MovieDetailView.swift */,
				596CB32F2644C9F000A98E4C /* CreditItemView.swift */,
			);
			path = View;
			sourceTree = "<group>";
		};
		592468AB263A626400BDDF9C /* ViewModel */ = {
			isa = PBXGroup;
			children = (
				592468AE263A628700BDDF9C /* MovieDetailViewModel.swift */,
				596CB3312644CAB500A98E4C /* CreditViewModel.swift */,
			);
			path = ViewModel;
			sourceTree = "<group>";
		};
		59332B8A263BA04C002AE328 /* Utils */ = {
			isa = PBXGroup;
			children = (
				592468A5263A520D00BDDF9C /* Constants.swift */,
			);
			path = Utils;
			sourceTree = "<group>";
		};
		5962EE8D26424C7E00ED4863 /* Extension */ = {
			isa = PBXGroup;
			children = (
				5962EE8E26424C9000ED4863 /* MovieDetailExtension.swift */,
				594BCEC7264AFB5100F2480D /* DoubleExtension.swift */,
			);
			path = Extension;
			sourceTree = "<group>";
		};
		598AC7B72649FEB400CD8A94 /* Views */ = {
			isa = PBXGroup;
			children = (
			);
			path = Views;
			sourceTree = "<group>";
		};
/* End PBXGroup section */

/* Begin PBXNativeTarget section */
		59246870263A4EE100BDDF9C /* PopCorn-SwiftUI */ = {
			isa = PBXNativeTarget;
			buildConfigurationList = 59246880263A4EE700BDDF9C /* Build configuration list for PBXNativeTarget "PopCorn-SwiftUI" */;
			buildPhases = (
				5924686D263A4EE100BDDF9C /* Sources */,
				5924686E263A4EE100BDDF9C /* Frameworks */,
				5924686F263A4EE100BDDF9C /* Resources */,
			);
			buildRules = (
			);
			dependencies = (
			);
			name = "PopCorn-SwiftUI";
			packageProductDependencies = (
				59332B85263B8AE6002AE328 /* Alamofire */,
			);
			productName = "PopCorn-SwiftUI";
			productReference = 59246871263A4EE100BDDF9C /* PopCorn-SwiftUI.app */;
			productType = "com.apple.product-type.application";
		};
/* End PBXNativeTarget section */

/* Begin PBXProject section */
		59246869263A4EE100BDDF9C /* Project object */ = {
			isa = PBXProject;
			attributes = {
				LastSwiftUpdateCheck = 1250;
				LastUpgradeCheck = 1250;
				TargetAttributes = {
					59246870263A4EE100BDDF9C = {
						CreatedOnToolsVersion = 12.5;
					};
				};
			};
			buildConfigurationList = 5924686C263A4EE100BDDF9C /* Build configuration list for PBXProject "PopCorn-SwiftUI" */;
			compatibilityVersion = "Xcode 9.3";
			developmentRegion = en;
			hasScannedForEncodings = 0;
			knownRegions = (
				en,
				Base,
			);
			mainGroup = 59246868263A4EE100BDDF9C;
			packageReferences = (
				59332B84263B8AE6002AE328 /* XCRemoteSwiftPackageReference "Alamofire" */,
			);
			productRefGroup = 59246872263A4EE100BDDF9C /* Products */;
			projectDirPath = "";
			projectRoot = "";
			targets = (
				59246870263A4EE100BDDF9C /* PopCorn-SwiftUI */,
			);
		};
/* End PBXProject section */

/* Begin PBXResourcesBuildPhase section */
		5924686F263A4EE100BDDF9C /* Resources */ = {
			isa = PBXResourcesBuildPhase;
			buildActionMask = 2147483647;
			files = (
				5924687C263A4EE700BDDF9C /* Preview Assets.xcassets in Resources */,
				59246879263A4EE700BDDF9C /* Assets.xcassets in Resources */,
			);
			runOnlyForDeploymentPostprocessing = 0;
		};
/* End PBXResourcesBuildPhase section */

/* Begin PBXSourcesBuildPhase section */
		5924686D263A4EE100BDDF9C /* Sources */ = {
			isa = PBXSourcesBuildPhase;
			buildActionMask = 2147483647;
			files = (
				592468A8263A5A1900BDDF9C /* VideoListRowViewModel.swift in Sources */,
				5924689D263A51CE00BDDF9C /* ResponseList.swift in Sources */,
				59246877263A4EE100BDDF9C /* VideoListView.swift in Sources */,
				592468A3263A51CE00BDDF9C /* Cast.swift in Sources */,
				594BCEC8264AFB5100F2480D /* DoubleExtension.swift in Sources */,
				592468A1263A51CE00BDDF9C /* Crew.swift in Sources */,
				5924689C263A51CE00BDDF9C /* MovieDetail.swift in Sources */,
				5924689F263A51CE00BDDF9C /* TVShowDetail.swift in Sources */,
				5924688C263A50D800BDDF9C /* VideoListRow.swift in Sources */,
				592468A6263A520D00BDDF9C /* Constants.swift in Sources */,
				5962EE8F26424C9000ED4863 /* MovieDetailExtension.swift in Sources */,
				5924688E263A50F700BDDF9C /* VideoListViewModel.swift in Sources */,
				596CB3302644C9F000A98E4C /* CreditItemView.swift in Sources */,
				59246875263A4EE100BDDF9C /* PopCorn_SwiftUIApp.swift in Sources */,
				592468A4263A51CE00BDDF9C /* Credit.swift in Sources */,
				598AC7B62649F80A00CD8A94 /* CastCrew.swift in Sources */,
				592468A0263A51CE00BDDF9C /* People.swift in Sources */,
				596CB3322644CAB500A98E4C /* CreditViewModel.swift in Sources */,
				592468AD263A627300BDDF9C /* MovieDetailView.swift in Sources */,
				592468AF263A628700BDDF9C /* MovieDetailViewModel.swift in Sources */,
				5924689B263A51CE00BDDF9C /* Filmography.swift in Sources */,
				592468A2263A51CE00BDDF9C /* SeasonDetail.swift in Sources */,
				59246890263A512500BDDF9C /* Movie.swift in Sources */,
				5924689E263A51CE00BDDF9C /* TVShow.swift in Sources */,
			);
			runOnlyForDeploymentPostprocessing = 0;
		};
/* End PBXSourcesBuildPhase section */

/* Begin XCBuildConfiguration section */
		5924687E263A4EE700BDDF9C /* Debug */ = {
			isa = XCBuildConfiguration;
			buildSettings = {
				ALWAYS_SEARCH_USER_PATHS = NO;
				CLANG_ANALYZER_NONNULL = YES;
				CLANG_ANALYZER_NUMBER_OBJECT_CONVERSION = YES_AGGRESSIVE;
				CLANG_CXX_LANGUAGE_STANDARD = "gnu++14";
				CLANG_CXX_LIBRARY = "libc++";
				CLANG_ENABLE_MODULES = YES;
				CLANG_ENABLE_OBJC_ARC = YES;
				CLANG_ENABLE_OBJC_WEAK = YES;
				CLANG_WARN_BLOCK_CAPTURE_AUTORELEASING = YES;
				CLANG_WARN_BOOL_CONVERSION = YES;
				CLANG_WARN_COMMA = YES;
				CLANG_WARN_CONSTANT_CONVERSION = YES;
				CLANG_WARN_DEPRECATED_OBJC_IMPLEMENTATIONS = YES;
				CLANG_WARN_DIRECT_OBJC_ISA_USAGE = YES_ERROR;
				CLANG_WARN_DOCUMENTATION_COMMENTS = YES;
				CLANG_WARN_EMPTY_BODY = YES;
				CLANG_WARN_ENUM_CONVERSION = YES;
				CLANG_WARN_INFINITE_RECURSION = YES;
				CLANG_WARN_INT_CONVERSION = YES;
				CLANG_WARN_NON_LITERAL_NULL_CONVERSION = YES;
				CLANG_WARN_OBJC_IMPLICIT_RETAIN_SELF = YES;
				CLANG_WARN_OBJC_LITERAL_CONVERSION = YES;
				CLANG_WARN_OBJC_ROOT_CLASS = YES_ERROR;
				CLANG_WARN_QUOTED_INCLUDE_IN_FRAMEWORK_HEADER = YES;
				CLANG_WARN_RANGE_LOOP_ANALYSIS = YES;
				CLANG_WARN_STRICT_PROTOTYPES = YES;
				CLANG_WARN_SUSPICIOUS_MOVE = YES;
				CLANG_WARN_UNGUARDED_AVAILABILITY = YES_AGGRESSIVE;
				CLANG_WARN_UNREACHABLE_CODE = YES;
				CLANG_WARN__DUPLICATE_METHOD_MATCH = YES;
				COPY_PHASE_STRIP = NO;
				DEBUG_INFORMATION_FORMAT = dwarf;
				ENABLE_STRICT_OBJC_MSGSEND = YES;
				ENABLE_TESTABILITY = YES;
				GCC_C_LANGUAGE_STANDARD = gnu11;
				GCC_DYNAMIC_NO_PIC = NO;
				GCC_NO_COMMON_BLOCKS = YES;
				GCC_OPTIMIZATION_LEVEL = 0;
				GCC_PREPROCESSOR_DEFINITIONS = (
					"DEBUG=1",
					"$(inherited)",
				);
				GCC_WARN_64_TO_32_BIT_CONVERSION = YES;
				GCC_WARN_ABOUT_RETURN_TYPE = YES_ERROR;
				GCC_WARN_UNDECLARED_SELECTOR = YES;
				GCC_WARN_UNINITIALIZED_AUTOS = YES_AGGRESSIVE;
				GCC_WARN_UNUSED_FUNCTION = YES;
				GCC_WARN_UNUSED_VARIABLE = YES;
				IPHONEOS_DEPLOYMENT_TARGET = 14.5;
				MTL_ENABLE_DEBUG_INFO = INCLUDE_SOURCE;
				MTL_FAST_MATH = YES;
				ONLY_ACTIVE_ARCH = YES;
				SDKROOT = iphoneos;
				SWIFT_ACTIVE_COMPILATION_CONDITIONS = DEBUG;
				SWIFT_OPTIMIZATION_LEVEL = "-Onone";
			};
			name = Debug;
		};
		5924687F263A4EE700BDDF9C /* Release */ = {
			isa = XCBuildConfiguration;
			buildSettings = {
				ALWAYS_SEARCH_USER_PATHS = NO;
				CLANG_ANALYZER_NONNULL = YES;
				CLANG_ANALYZER_NUMBER_OBJECT_CONVERSION = YES_AGGRESSIVE;
				CLANG_CXX_LANGUAGE_STANDARD = "gnu++14";
				CLANG_CXX_LIBRARY = "libc++";
				CLANG_ENABLE_MODULES = YES;
				CLANG_ENABLE_OBJC_ARC = YES;
				CLANG_ENABLE_OBJC_WEAK = YES;
				CLANG_WARN_BLOCK_CAPTURE_AUTORELEASING = YES;
				CLANG_WARN_BOOL_CONVERSION = YES;
				CLANG_WARN_COMMA = YES;
				CLANG_WARN_CONSTANT_CONVERSION = YES;
				CLANG_WARN_DEPRECATED_OBJC_IMPLEMENTATIONS = YES;
				CLANG_WARN_DIRECT_OBJC_ISA_USAGE = YES_ERROR;
				CLANG_WARN_DOCUMENTATION_COMMENTS = YES;
				CLANG_WARN_EMPTY_BODY = YES;
				CLANG_WARN_ENUM_CONVERSION = YES;
				CLANG_WARN_INFINITE_RECURSION = YES;
				CLANG_WARN_INT_CONVERSION = YES;
				CLANG_WARN_NON_LITERAL_NULL_CONVERSION = YES;
				CLANG_WARN_OBJC_IMPLICIT_RETAIN_SELF = YES;
				CLANG_WARN_OBJC_LITERAL_CONVERSION = YES;
				CLANG_WARN_OBJC_ROOT_CLASS = YES_ERROR;
				CLANG_WARN_QUOTED_INCLUDE_IN_FRAMEWORK_HEADER = YES;
				CLANG_WARN_RANGE_LOOP_ANALYSIS = YES;
				CLANG_WARN_STRICT_PROTOTYPES = YES;
				CLANG_WARN_SUSPICIOUS_MOVE = YES;
				CLANG_WARN_UNGUARDED_AVAILABILITY = YES_AGGRESSIVE;
				CLANG_WARN_UNREACHABLE_CODE = YES;
				CLANG_WARN__DUPLICATE_METHOD_MATCH = YES;
				COPY_PHASE_STRIP = NO;
				DEBUG_INFORMATION_FORMAT = "dwarf-with-dsym";
				ENABLE_NS_ASSERTIONS = NO;
				ENABLE_STRICT_OBJC_MSGSEND = YES;
				GCC_C_LANGUAGE_STANDARD = gnu11;
				GCC_NO_COMMON_BLOCKS = YES;
				GCC_WARN_64_TO_32_BIT_CONVERSION = YES;
				GCC_WARN_ABOUT_RETURN_TYPE = YES_ERROR;
				GCC_WARN_UNDECLARED_SELECTOR = YES;
				GCC_WARN_UNINITIALIZED_AUTOS = YES_AGGRESSIVE;
				GCC_WARN_UNUSED_FUNCTION = YES;
				GCC_WARN_UNUSED_VARIABLE = YES;
				IPHONEOS_DEPLOYMENT_TARGET = 14.5;
				MTL_ENABLE_DEBUG_INFO = NO;
				MTL_FAST_MATH = YES;
				SDKROOT = iphoneos;
				SWIFT_COMPILATION_MODE = wholemodule;
				SWIFT_OPTIMIZATION_LEVEL = "-O";
				VALIDATE_PRODUCT = YES;
			};
			name = Release;
		};
		59246881263A4EE700BDDF9C /* Debug */ = {
			isa = XCBuildConfiguration;
			buildSettings = {
				ASSETCATALOG_COMPILER_APPICON_NAME = AppIcon;
				ASSETCATALOG_COMPILER_GLOBAL_ACCENT_COLOR_NAME = AccentColor;
				CODE_SIGN_STYLE = Automatic;
				DEVELOPMENT_ASSET_PATHS = "\"PopCorn-SwiftUI/Preview Content\"";
				DEVELOPMENT_TEAM = S7TYYXV76U;
				ENABLE_PREVIEWS = YES;
				INFOPLIST_FILE = "PopCorn-SwiftUI/Info.plist";
				IPHONEOS_DEPLOYMENT_TARGET = 14.0;
				LD_RUNPATH_SEARCH_PATHS = (
					"$(inherited)",
					"@executable_path/Frameworks",
				);
				PRODUCT_BUNDLE_IDENTIFIER = "br.dev.valmirt.PopCorn-SwiftUI";
				PRODUCT_NAME = "$(TARGET_NAME)";
				SWIFT_VERSION = 5.0;
				TARGETED_DEVICE_FAMILY = 1;
			};
			name = Debug;
		};
		59246882263A4EE700BDDF9C /* Release */ = {
			isa = XCBuildConfiguration;
			buildSettings = {
				ASSETCATALOG_COMPILER_APPICON_NAME = AppIcon;
				ASSETCATALOG_COMPILER_GLOBAL_ACCENT_COLOR_NAME = AccentColor;
				CODE_SIGN_STYLE = Automatic;
				DEVELOPMENT_ASSET_PATHS = "\"PopCorn-SwiftUI/Preview Content\"";
				DEVELOPMENT_TEAM = S7TYYXV76U;
				ENABLE_PREVIEWS = YES;
				INFOPLIST_FILE = "PopCorn-SwiftUI/Info.plist";
				IPHONEOS_DEPLOYMENT_TARGET = 14.0;
				LD_RUNPATH_SEARCH_PATHS = (
					"$(inherited)",
					"@executable_path/Frameworks",
				);
				PRODUCT_BUNDLE_IDENTIFIER = "br.dev.valmirt.PopCorn-SwiftUI";
				PRODUCT_NAME = "$(TARGET_NAME)";
				SWIFT_VERSION = 5.0;
				TARGETED_DEVICE_FAMILY = 1;
			};
			name = Release;
		};
/* End XCBuildConfiguration section */

/* Begin XCConfigurationList section */
		5924686C263A4EE100BDDF9C /* Build configuration list for PBXProject "PopCorn-SwiftUI" */ = {
			isa = XCConfigurationList;
			buildConfigurations = (
				5924687E263A4EE700BDDF9C /* Debug */,
				5924687F263A4EE700BDDF9C /* Release */,
			);
			defaultConfigurationIsVisible = 0;
			defaultConfigurationName = Release;
		};
		59246880263A4EE700BDDF9C /* Build configuration list for PBXNativeTarget "PopCorn-SwiftUI" */ = {
			isa = XCConfigurationList;
			buildConfigurations = (
				59246881263A4EE700BDDF9C /* Debug */,
				59246882263A4EE700BDDF9C /* Release */,
			);
			defaultConfigurationIsVisible = 0;
			defaultConfigurationName = Release;
		};
/* End XCConfigurationList section */

/* Begin XCRemoteSwiftPackageReference section */
		59332B84263B8AE6002AE328 /* XCRemoteSwiftPackageReference "Alamofire" */ = {
			isa = XCRemoteSwiftPackageReference;
			repositoryURL = "https://github.com/Alamofire/Alamofire.git";
			requirement = {
				kind = upToNextMajorVersion;
				minimumVersion = 5.4.3;
			};
		};
/* End XCRemoteSwiftPackageReference section */

/* Begin XCSwiftPackageProductDependency section */
		59332B85263B8AE6002AE328 /* Alamofire */ = {
			isa = XCSwiftPackageProductDependency;
			package = 59332B84263B8AE6002AE328 /* XCRemoteSwiftPackageReference "Alamofire" */;
			productName = Alamofire;
		};
/* End XCSwiftPackageProductDependency section */
	};
	rootObject = 59246869263A4EE100BDDF9C /* Project object */;
}
